
Microsoft Visual Studio Solution File, Format Version 12.00
# Visual Studio Version 17
VisualStudioVersion = 17.9.34902.65
MinimumVisualStudioVersion = 10.0.40219.1
Project("{FAE04EC0-301F-11D3-BF4B-00C04F79EFBC}") = "BlazorServer", "BlazorServer\BlazorServer.csproj", "{193AE595-4EC6-41CD-B4F7-6503356F14A5}"
EndProject
Project("{FAE04EC0-301F-11D3-BF4B-00C04F79EFBC}") = "BlazorWebAssembly", "BlazorWebAssembly\BlazorWebAssembly.csproj", "{ECE2BF46-88E1-464C-BA5E-2818CCA6F2C7}"
EndProject
Project("{FAE04EC0-301F-11D3-BF4B-00C04F79EFBC}") = "Zadanie", "Zadanie\Zadanie.csproj", "{F4149BF3-CF68-4AA1-AED8-2FDF109D6DF1}"
EndProject
Global
	GlobalSection(SolutionConfigurationPlatforms) = preSolution
		Debug|Any CPU = Debug|Any CPU
		Release|Any CPU = Release|Any CPU
	EndGlobalSection
	GlobalSection(ProjectConfigurationPlatforms) = postSolution
		{193AE595-4EC6-41CD-B4F7-6503356F14A5}.Debug|Any CPU.ActiveCfg = Debug|Any CPU
		{193AE595-4EC6-41CD-B4F7-6503356F14A5}.Debug|Any CPU.Build.0 = Debug|Any CPU
		{193AE595-4EC6-41CD-B4F7-6503356F14A5}.Release|Any CPU.ActiveCfg = Release|Any CPU
		{193AE595-4EC6-41CD-B4F7-6503356F14A5}.Release|Any CPU.Build.0 = Release|Any CPU
		{ECE2BF46-88E1-464C-BA5E-2818CCA6F2C7}.Debug|Any CPU.ActiveCfg = Debug|Any CPU
		{ECE2BF46-88E1-464C-BA5E-2818CCA6F2C7}.Debug|Any CPU.Build.0 = Debug|Any CPU
		{ECE2BF46-88E1-464C-BA5E-2818CCA6F2C7}.Release|Any CPU.ActiveCfg = Release|Any CPU
		{ECE2BF46-88E1-464C-BA5E-2818CCA6F2C7}.Release|Any CPU.Build.0 = Release|Any CPU
		{F4149BF3-CF68-4AA1-AED8-2FDF109D6DF1}.Debug|Any CPU.ActiveCfg = Debug|Any CPU
		{F4149BF3-CF68-4AA1-AED8-2FDF109D6DF1}.Debug|Any CPU.Build.0 = Debug|Any CPU
		{F4149BF3-CF68-4AA1-AED8-2FDF109D6DF1}.Release|Any CPU.ActiveCfg = Release|Any CPU
		{F4149BF3-CF68-4AA1-AED8-2FDF109D6DF1}.Release|Any CPU.Build.0 = Release|Any CPU
	EndGlobalSection
	GlobalSection(SolutionProperties) = preSolution
		HideSolutionNode = FALSE
	EndGlobalSection
	GlobalSection(ExtensibilityGlobals) = postSolution
		SolutionGuid = {B8F7359D-A4FA-4A82-B562-17623F27EEFB}
	EndGlobalSection
EndGlobal
